
Microsoft Visual Studio Solution File, Format Version 12.00
# Visual Studio 15
VisualStudioVersion = 15.0.28010.2036
MinimumVisualStudioVersion = 10.0.40219.1
Project("{8BC9CEB8-8B4A-11D0-8D11-00A0C91BC942}") = "pong", "pong\pong.vcxproj", "{43893537-C0FF-4F5C-8E88-CF89E9A79232}"
EndProject
Global
	GlobalSection(SolutionConfigurationPlatforms) = preSolution
		Debug|x64 = Debug|x64
		Debug|x86 = Debug|x86
		Release|x64 = Release|x64
		Release|x86 = Release|x86
	EndGlobalSection
	GlobalSection(ProjectConfigurationPlatforms) = postSolution
		{43893537-C0FF-4F5C-8E88-CF89E9A79232}.Debug|x64.ActiveCfg = Debug|x64
		{43893537-C0FF-4F5C-8E88-CF89E9A79232}.Debug|x64.Build.0 = Debug|x64
		{43893537-C0FF-4F5C-8E88-CF89E9A79232}.Debug|x86.ActiveCfg = Debug|Win32
		{43893537-C0FF-4F5C-8E88-CF89E9A79232}.Debug|x86.Build.0 = Debug|Win32
		{43893537-C0FF-4F5C-8E88-CF89E9A79232}.Release|x64.ActiveCfg = Release|x64
		{43893537-C0FF-4F5C-8E88-CF89E9A79232}.Release|x64.Build.0 = Release|x64
		{43893537-C0FF-4F5C-8E88-CF89E9A79232}.Release|x86.ActiveCfg = Release|Win32
		{43893537-C0FF-4F5C-8E88-CF89E9A79232}.Release|x86.Build.0 = Release|Win32
	EndGlobalSection
	GlobalSection(SolutionProperties) = preSolution
		HideSolutionNode = FALSE
	EndGlobalSection
	GlobalSection(ExtensibilityGlobals) = postSolution
		SolutionGuid = {96BB8B57-2A5D-4166-ADF7-B7EEC0513FA2}
	EndGlobalSection
EndGlobal
